
Microsoft Visual Studio Solution File, Format Version 12.00
# Visual Studio Version 16
VisualStudioVersion = 16.0.30428.66
MinimumVisualStudioVersion = 10.0.40219.1
Project("{FAE04EC0-301F-11D3-BF4B-00C04F79EFBC}") = "View", "View\View.csproj", "{A13D8DF7-9028-4879-9780-1CC9900D6355}"
EndProject
Global
	GlobalSection(SolutionConfigurationPlatforms) = preSolution
		Debug|Any CPU = Debug|Any CPU
		Release|Any CPU = Release|Any CPU
	EndGlobalSection
	GlobalSection(ProjectConfigurationPlatforms) = postSolution
		{A13D8DF7-9028-4879-9780-1CC9900D6355}.Debug|Any CPU.ActiveCfg = Debug|Any CPU
		{A13D8DF7-9028-4879-9780-1CC9900D6355}.Debug|Any CPU.Build.0 = Debug|Any CPU
		{A13D8DF7-9028-4879-9780-1CC9900D6355}.Release|Any CPU.ActiveCfg = Release|Any CPU
		{A13D8DF7-9028-4879-9780-1CC9900D6355}.Release|Any CPU.Build.0 = Release|Any CPU
	EndGlobalSection
	GlobalSection(SolutionProperties) = preSolution
		HideSolutionNode = FALSE
	EndGlobalSection
	GlobalSection(ExtensibilityGlobals) = postSolution
		SolutionGuid = {657B2628-0C20-4AF5-89B0-41F5A2AB2AA4}
	EndGlobalSection
EndGlobal
