
Microsoft Visual Studio Solution File, Format Version 12.00
# Visual Studio 15
VisualStudioVersion = 15.0.28307.852
MinimumVisualStudioVersion = 10.0.40219.1
Project("{FAE04EC0-301F-11D3-BF4B-00C04F79EFBC}") = "FormasConsole", "CalculadoraConsole\FormasConsole.csproj", "{F51F98BF-ECD5-47AA-B714-61DC8CBA4503}"
EndProject
Project("{FAE04EC0-301F-11D3-BF4B-00C04F79EFBC}") = "Formas", "Formas\Formas.csproj", "{79B24BC2-3D53-490F-BC06-FBEB8D4C1E04}"
EndProject
Global
	GlobalSection(SolutionConfigurationPlatforms) = preSolution
		Debug|Any CPU = Debug|Any CPU
		Release|Any CPU = Release|Any CPU
	EndGlobalSection
	GlobalSection(ProjectConfigurationPlatforms) = postSolution
		{F51F98BF-ECD5-47AA-B714-61DC8CBA4503}.Debug|Any CPU.ActiveCfg = Debug|Any CPU
		{F51F98BF-ECD5-47AA-B714-61DC8CBA4503}.Debug|Any CPU.Build.0 = Debug|Any CPU
		{F51F98BF-ECD5-47AA-B714-61DC8CBA4503}.Release|Any CPU.ActiveCfg = Release|Any CPU
		{F51F98BF-ECD5-47AA-B714-61DC8CBA4503}.Release|Any CPU.Build.0 = Release|Any CPU
		{79B24BC2-3D53-490F-BC06-FBEB8D4C1E04}.Debug|Any CPU.ActiveCfg = Debug|Any CPU
		{79B24BC2-3D53-490F-BC06-FBEB8D4C1E04}.Debug|Any CPU.Build.0 = Debug|Any CPU
		{79B24BC2-3D53-490F-BC06-FBEB8D4C1E04}.Release|Any CPU.ActiveCfg = Release|Any CPU
		{79B24BC2-3D53-490F-BC06-FBEB8D4C1E04}.Release|Any CPU.Build.0 = Release|Any CPU
	EndGlobalSection
	GlobalSection(SolutionProperties) = preSolution
		HideSolutionNode = FALSE
	EndGlobalSection
	GlobalSection(ExtensibilityGlobals) = postSolution
		SolutionGuid = {AF702F30-8FEF-4D85-A6B8-770592A48F28}
	EndGlobalSection
EndGlobal
