
Microsoft Visual Studio Solution File, Format Version 12.00
# Visual Studio Version 17
VisualStudioVersion = 17.1.32319.34
MinimumVisualStudioVersion = 10.0.40219.1
Project("{FAE04EC0-301F-11D3-BF4B-00C04F79EFBC}") = "Presentacion", "Presentacion\Presentacion.csproj", "{2C56FCCB-F34F-4A30-89F1-CCB95465E519}"
EndProject
Global
	GlobalSection(SolutionConfigurationPlatforms) = preSolution
		Debug|Any CPU = Debug|Any CPU
		Release|Any CPU = Release|Any CPU
	EndGlobalSection
	GlobalSection(ProjectConfigurationPlatforms) = postSolution
		{2C56FCCB-F34F-4A30-89F1-CCB95465E519}.Debug|Any CPU.ActiveCfg = Debug|Any CPU
		{2C56FCCB-F34F-4A30-89F1-CCB95465E519}.Debug|Any CPU.Build.0 = Debug|Any CPU
		{2C56FCCB-F34F-4A30-89F1-CCB95465E519}.Release|Any CPU.ActiveCfg = Release|Any CPU
		{2C56FCCB-F34F-4A30-89F1-CCB95465E519}.Release|Any CPU.Build.0 = Release|Any CPU
	EndGlobalSection
	GlobalSection(SolutionProperties) = preSolution
		HideSolutionNode = FALSE
	EndGlobalSection
	GlobalSection(ExtensibilityGlobals) = postSolution
		SolutionGuid = {190ABEE8-0645-4227-A49F-47417E1B35E3}
	EndGlobalSection
EndGlobal
